{
  "nodes": {
    "nixpkgs": {
      "locked": {
        "lastModified": 1605528863,
        "narHash": "sha256-RYlRe81qI+Q8y4GMLXdpVLWY+X8IceuN23dhkSJwdN4=",
        "owner": "NixOS",
        "repo": "nixpkgs",
        "rev": "ba889c781d5791c60406117e33d07047f634372f",
        "type": "github"
      },
      "original": {
        "id": "nixpkgs",
        "type": "indirect"
      }
    },
    "root": {
      "inputs": {
        "nixpkgs": "nixpkgs"
      }
    }
  },
  "root": "root",
  "version": 7
}
